// !$*UTF8*$!
{
	archiveVersion = 1;
	classes = {
	};
	objectVersion = 50;
	objects = {

/* Begin PBXBuildFile section */
		D149670E2170A21800A33DFD /* timg.jpeg in Resources */ = {isa = PBXBuildFile; fileRef = D149670D2170A21800A33DFD /* timg.jpeg */; };
		D162607D219EBCAB00B48C48 /* timg-2 2.jpeg in Resources */ = {isa = PBXBuildFile; fileRef = D162607C219EBCAB00B48C48 /* timg-2 2.jpeg */; };
		D162607F219EBCAF00B48C48 /* timg-2 3.jpeg in Resources */ = {isa = PBXBuildFile; fileRef = D162607E219EBCAF00B48C48 /* timg-2 3.jpeg */; };
		D1626081219EBCB300B48C48 /* timg-2 4.jpeg in Resources */ = {isa = PBXBuildFile; fileRef = D1626080219EBCB300B48C48 /* timg-2 4.jpeg */; };
		D1626083219EBCB700B48C48 /* timg-2 6.jpeg in Resources */ = {isa = PBXBuildFile; fileRef = D1626082219EBCB700B48C48 /* timg-2 6.jpeg */; };
		D1A5935E215B2E6800B074B0 /* AppDelegate.swift in Sources */ = {isa = PBXBuildFile; fileRef = D1A5935D215B2E6800B074B0 /* AppDelegate.swift */; };
		D1A59360215B2E6800B074B0 /* ViewController.swift in Sources */ = {isa = PBXBuildFile; fileRef = D1A5935F215B2E6800B074B0 /* ViewController.swift */; };
		D1A59363215B2E6800B074B0 /* Main.storyboard in Resources */ = {isa = PBXBuildFile; fileRef = D1A59361215B2E6800B074B0 /* Main.storyboard */; };
		D1A59365215B2E6D00B074B0 /* Assets.xcassets in Resources */ = {isa = PBXBuildFile; fileRef = D1A59364215B2E6D00B074B0 /* Assets.xcassets */; };
		D1A59368215B2E6D00B074B0 /* LaunchScreen.storyboard in Resources */ = {isa = PBXBuildFile; fileRef = D1A59366215B2E6D00B074B0 /* LaunchScreen.storyboard */; };
		D1A59373215B2E6D00B074B0 /* Calculator1Tests.swift in Sources */ = {isa = PBXBuildFile; fileRef = D1A59372215B2E6D00B074B0 /* Calculator1Tests.swift */; };
		D1A5937E215B2E6D00B074B0 /* Calculator1UITests.swift in Sources */ = {isa = PBXBuildFile; fileRef = D1A5937D215B2E6D00B074B0 /* Calculator1UITests.swift */; };
/* End PBXBuildFile section */

/* Begin PBXContainerItemProxy section */
		D1A5936F215B2E6D00B074B0 /* PBXContainerItemProxy */ = {
			isa = PBXContainerItemProxy;
			containerPortal = D1A59352215B2E6800B074B0 /* Project object */;
			proxyType = 1;
			remoteGlobalIDString = D1A59359215B2E6800B074B0;
			remoteInfo = Calculator1;
		};
		D1A5937A215B2E6D00B074B0 /* PBXContainerItemProxy */ = {
			isa = PBXContainerItemProxy;
			containerPortal = D1A59352215B2E6800B074B0 /* Project object */;
			proxyType = 1;
			remoteGlobalIDString = D1A59359215B2E6800B074B0;
			remoteInfo = Calculator1;
		};
/* End PBXContainerItemProxy section */

/* Begin PBXFileReference section */
		D149670D2170A21800A33DFD /* timg.jpeg */ = {isa = PBXFileReference; lastKnownFileType = image.jpeg; name = timg.jpeg; path = ../../../../Downloads/timg.jpeg; sourceTree = "<group>"; };
		D162607C219EBCAB00B48C48 /* timg-2 2.jpeg */ = {isa = PBXFileReference; lastKnownFileType = image.jpeg; name = "timg-2 2.jpeg"; path = "../../../../Downloads/timg-2 2.jpeg"; sourceTree = "<group>"; };
		D162607E219EBCAF00B48C48 /* timg-2 3.jpeg */ = {isa = PBXFileReference; lastKnownFileType = image.jpeg; name = "timg-2 3.jpeg"; path = "../../../../Downloads/timg-2 3.jpeg"; sourceTree = "<group>"; };
		D1626080219EBCB300B48C48 /* timg-2 4.jpeg */ = {isa = PBXFileReference; lastKnownFileType = image.jpeg; name = "timg-2 4.jpeg"; path = "../../../../Downloads/timg-2 4.jpeg"; sourceTree = "<group>"; };
		D1626082219EBCB700B48C48 /* timg-2 6.jpeg */ = {isa = PBXFileReference; lastKnownFileType = image.jpeg; name = "timg-2 6.jpeg"; path = "../../../../Downloads/timg-2 6.jpeg"; sourceTree = "<group>"; };
		D1A5935A215B2E6800B074B0 /* Calculator1.app */ = {isa = PBXFileReference; explicitFileType = wrapper.application; includeInIndex = 0; path = Calculator1.app; sourceTree = BUILT_PRODUCTS_DIR; };
		D1A5935D215B2E6800B074B0 /* AppDelegate.swift */ = {isa = PBXFileReference; lastKnownFileType = sourcecode.swift; path = AppDelegate.swift; sourceTree = "<group>"; };
		D1A5935F215B2E6800B074B0 /* ViewController.swift */ = {isa = PBXFileReference; lastKnownFileType = sourcecode.swift; path = ViewController.swift; sourceTree = "<group>"; };
		D1A59362215B2E6800B074B0 /* Base */ = {isa = PBXFileReference; lastKnownFileType = file.storyboard; name = Base; path = Base.lproj/Main.storyboard; sourceTree = "<group>"; };
		D1A59364215B2E6D00B074B0 /* Assets.xcassets */ = {isa = PBXFileReference; lastKnownFileType = folder.assetcatalog; path = Assets.xcassets; sourceTree = "<group>"; };
		D1A59367215B2E6D00B074B0 /* Base */ = {isa = PBXFileReference; lastKnownFileType = file.storyboard; name = Base; path = Base.lproj/LaunchScreen.storyboard; sourceTree = "<group>"; };
		D1A59369215B2E6D00B074B0 /* Info.plist */ = {isa = PBXFileReference; lastKnownFileType = text.plist.xml; path = Info.plist; sourceTree = "<group>"; };
		D1A5936E215B2E6D00B074B0 /* Calculator1Tests.xctest */ = {isa = PBXFileReference; explicitFileType = wrapper.cfbundle; includeInIndex = 0; path = Calculator1Tests.xctest; sourceTree = BUILT_PRODUCTS_DIR; };
		D1A59372215B2E6D00B074B0 /* Calculator1Tests.swift */ = {isa = PBXFileReference; lastKnownFileType = sourcecode.swift; path = Calculator1Tests.swift; sourceTree = "<group>"; };
		D1A59374215B2E6D00B074B0 /* Info.plist */ = {isa = PBXFileReference; lastKnownFileType = text.plist.xml; path = Info.plist; sourceTree = "<group>"; };
		D1A59379215B2E6D00B074B0 /* Calculator1UITests.xctest */ = {isa = PBXFileReference; explicitFileType = wrapper.cfbundle; includeInIndex = 0; path = Calculator1UITests.xctest; sourceTree = BUILT_PRODUCTS_DIR; };
		D1A5937D215B2E6D00B074B0 /* Calculator1UITests.swift */ = {isa = PBXFileReference; lastKnownFileType = sourcecode.swift; path = Calculator1UITests.swift; sourceTree = "<group>"; };
		D1A5937F215B2E6D00B074B0 /* Info.plist */ = {isa = PBXFileReference; lastKnownFileType = text.plist.xml; path = Info.plist; sourceTree = "<group>"; };
/* End PBXFileReference section */

/* Begin PBXFrameworksBuildPhase section */
		D1A59357215B2E6800B074B0 /* Frameworks */ = {
			isa = PBXFrameworksBuildPhase;
			buildActionMask = 2147483647;
			files = (
			);
			runOnlyForDeploymentPostprocessing = 0;
		};
		D1A5936B215B2E6D00B074B0 /* Frameworks */ = {
			isa = PBXFrameworksBuildPhase;
			buildActionMask = 2147483647;
			files = (
			);
			runOnlyForDeploymentPostprocessing = 0;
		};
		D1A59376215B2E6D00B074B0 /* Frameworks */ = {
			isa = PBXFrameworksBuildPhase;
			buildActionMask = 2147483647;
			files = (
			);
			runOnlyForDeploymentPostprocessing = 0;
		};
/* End PBXFrameworksBuildPhase section */

/* Begin PBXGroup section */
		D1A59351215B2E6800B074B0 = {
			isa = PBXGroup;
			children = (
				D1A5935C215B2E6800B074B0 /* Calculator1 */,
				D1A59371215B2E6D00B074B0 /* Calculator1Tests */,
				D1A5937C215B2E6D00B074B0 /* Calculator1UITests */,
				D1A5935B215B2E6800B074B0 /* Products */,
			);
			sourceTree = "<group>";
		};
		D1A5935B215B2E6800B074B0 /* Products */ = {
			isa = PBXGroup;
			children = (
				D1A5935A215B2E6800B074B0 /* Calculator1.app */,
				D1A5936E215B2E6D00B074B0 /* Calculator1Tests.xctest */,
				D1A59379215B2E6D00B074B0 /* Calculator1UITests.xctest */,
			);
			name = Products;
			sourceTree = "<group>";
		};
		D1A5935C215B2E6800B074B0 /* Calculator1 */ = {
			isa = PBXGroup;
			children = (
				D149670D2170A21800A33DFD /* timg.jpeg */,
				D1A5935D215B2E6800B074B0 /* AppDelegate.swift */,
				D1A5935F215B2E6800B074B0 /* ViewController.swift */,
				D162607C219EBCAB00B48C48 /* timg-2 2.jpeg */,
				D162607E219EBCAF00B48C48 /* timg-2 3.jpeg */,
				D1626080219EBCB300B48C48 /* timg-2 4.jpeg */,
				D1626082219EBCB700B48C48 /* timg-2 6.jpeg */,
				D1A59361215B2E6800B074B0 /* Main.storyboard */,
				D1A59364215B2E6D00B074B0 /* Assets.xcassets */,
				D1A59366215B2E6D00B074B0 /* LaunchScreen.storyboard */,
				D1A59369215B2E6D00B074B0 /* Info.plist */,
			);
			path = Calculator1;
			sourceTree = "<group>";
		};
		D1A59371215B2E6D00B074B0 /* Calculator1Tests */ = {
			isa = PBXGroup;
			children = (
				D1A59372215B2E6D00B074B0 /* Calculator1Tests.swift */,
				D1A59374215B2E6D00B074B0 /* Info.plist */,
			);
			path = Calculator1Tests;
			sourceTree = "<group>";
		};
		D1A5937C215B2E6D00B074B0 /* Calculator1UITests */ = {
			isa = PBXGroup;
			children = (
				D1A5937D215B2E6D00B074B0 /* Calculator1UITests.swift */,
				D1A5937F215B2E6D00B074B0 /* Info.plist */,
			);
			path = Calculator1UITests;
			sourceTree = "<group>";
		};
/* End PBXGroup section */

/* Begin PBXNativeTarget section */
		D1A59359215B2E6800B074B0 /* Calculator1 */ = {
			isa = PBXNativeTarget;
			buildConfigurationList = D1A59382215B2E6D00B074B0 /* Build configuration list for PBXNativeTarget "Calculator1" */;
			buildPhases = (
				D1A59356215B2E6800B074B0 /* Sources */,
				D1A59357215B2E6800B074B0 /* Frameworks */,
				D1A59358215B2E6800B074B0 /* Resources */,
			);
			buildRules = (
			);
			dependencies = (
			);
			name = Calculator1;
			productName = Calculator1;
			productReference = D1A5935A215B2E6800B074B0 /* Calculator1.app */;
			productType = "com.apple.product-type.application";
		};
		D1A5936D215B2E6D00B074B0 /* Calculator1Tests */ = {
			isa = PBXNativeTarget;
			buildConfigurationList = D1A59385215B2E6D00B074B0 /* Build configuration list for PBXNativeTarget "Calculator1Tests" */;
			buildPhases = (
				D1A5936A215B2E6D00B074B0 /* Sources */,
				D1A5936B215B2E6D00B074B0 /* Frameworks */,
				D1A5936C215B2E6D00B074B0 /* Resources */,
			);
			buildRules = (
			);
			dependencies = (
				D1A59370215B2E6D00B074B0 /* PBXTargetDependency */,
			);
			name = Calculator1Tests;
			productName = Calculator1Tests;
			productReference = D1A5936E215B2E6D00B074B0 /* Calculator1Tests.xctest */;
			productType = "com.apple.product-type.bundle.unit-test";
		};
		D1A59378215B2E6D00B074B0 /* Calculator1UITests */ = {
			isa = PBXNativeTarget;
			buildConfigurationList = D1A59388215B2E6D00B074B0 /* Build configuration list for PBXNativeTarget "Calculator1UITests" */;
			buildPhases = (
				D1A59375215B2E6D00B074B0 /* Sources */,
				D1A59376215B2E6D00B074B0 /* Frameworks */,
				D1A59377215B2E6D00B074B0 /* Resources */,
			);
			buildRules = (
			);
			dependencies = (
				D1A5937B215B2E6D00B074B0 /* PBXTargetDependency */,
			);
			name = Calculator1UITests;
			productName = Calculator1UITests;
			productReference = D1A59379215B2E6D00B074B0 /* Calculator1UITests.xctest */;
			productType = "com.apple.product-type.bundle.ui-testing";
		};
/* End PBXNativeTarget section */

/* Begin PBXProject section */
		D1A59352215B2E6800B074B0 /* Project object */ = {
			isa = PBXProject;
			attributes = {
				LastSwiftUpdateCheck = 1000;
				LastUpgradeCheck = 1000;
				ORGANIZATIONNAME = 20161104589;
				TargetAttributes = {
					D1A59359215B2E6800B074B0 = {
						CreatedOnToolsVersion = 10.0;
					};
					D1A5936D215B2E6D00B074B0 = {
						CreatedOnToolsVersion = 10.0;
						TestTargetID = D1A59359215B2E6800B074B0;
					};
					D1A59378215B2E6D00B074B0 = {
						CreatedOnToolsVersion = 10.0;
						TestTargetID = D1A59359215B2E6800B074B0;
					};
				};
			};
			buildConfigurationList = D1A59355215B2E6800B074B0 /* Build configuration list for PBXProject "Calculator1" */;
			compatibilityVersion = "Xcode 9.3";
			developmentRegion = en;
			hasScannedForEncodings = 0;
			knownRegions = (
				en,
				Base,
			);
			mainGroup = D1A59351215B2E6800B074B0;
			productRefGroup = D1A5935B215B2E6800B074B0 /* Products */;
			projectDirPath = "";
			projectRoot = "";
			targets = (
				D1A59359215B2E6800B074B0 /* Calculator1 */,
				D1A5936D215B2E6D00B074B0 /* Calculator1Tests */,
				D1A59378215B2E6D00B074B0 /* Calculator1UITests */,
			);
		};
/* End PBXProject section */

/* Begin PBXResourcesBuildPhase section */
		D1A59358215B2E6800B074B0 /* Resources */ = {
			isa = PBXResourcesBuildPhase;
			buildActionMask = 2147483647;
			files = (
				D1626081219EBCB300B48C48 /* timg-2 4.jpeg in Resources */,
				D162607D219EBCAB00B48C48 /* timg-2 2.jpeg in Resources */,
				D1A59368215B2E6D00B074B0 /* LaunchScreen.storyboard in Resources */,
				D1A59365215B2E6D00B074B0 /* Assets.xcassets in Resources */,
				D149670E2170A21800A33DFD /* timg.jpeg in Resources */,
				D162607F219EBCAF00B48C48 /* timg-2 3.jpeg in Resources */,
				D1A59363215B2E6800B074B0 /* Main.storyboard in Resources */,
				D1626083219EBCB700B48C48 /* timg-2 6.jpeg in Resources */,
			);
			runOnlyForDeploymentPostprocessing = 0;
		};
		D1A5936C215B2E6D00B074B0 /* Resources */ = {
			isa = PBXResourcesBuildPhase;
			buildActionMask = 2147483647;
			files = (
			);
			runOnlyForDeploymentPostprocessing = 0;
		};
		D1A59377215B2E6D00B074B0 /* Resources */ = {
			isa = PBXResourcesBuildPhase;
			buildActionMask = 2147483647;
			files = (
			);
			runOnlyForDeploymentPostprocessing = 0;
		};
/* End PBXResourcesBuildPhase section */

/* Begin PBXSourcesBuildPhase section */
		D1A59356215B2E6800B074B0 /* Sources */ = {
			isa = PBXSourcesBuildPhase;
			buildActionMask = 2147483647;
			files = (
				D1A59360215B2E6800B074B0 /* ViewController.swift in Sources */,
				D1A5935E215B2E6800B074B0 /* AppDelegate.swift in Sources */,
			);
			runOnlyForDeploymentPostprocessing = 0;
		};
		D1A5936A215B2E6D00B074B0 /* Sources */ = {
			isa = PBXSourcesBuildPhase;
			buildActionMask = 2147483647;
			files = (
				D1A59373215B2E6D00B074B0 /* Calculator1Tests.swift in Sources */,
			);
			runOnlyForDeploymentPostprocessing = 0;
		};
		D1A59375215B2E6D00B074B0 /* Sources */ = {
			isa = PBXSourcesBuildPhase;
			buildActionMask = 2147483647;
			files = (
				D1A5937E215B2E6D00B074B0 /* Calculator1UITests.swift in Sources */,
			);
			runOnlyForDeploymentPostprocessing = 0;
		};
/* End PBXSourcesBuildPhase section */

/* Begin PBXTargetDependency section */
		D1A59370215B2E6D00B074B0 /* PBXTargetDependency */ = {
			isa = PBXTargetDependency;
			target = D1A59359215B2E6800B074B0 /* Calculator1 */;
			targetProxy = D1A5936F215B2E6D00B074B0 /* PBXContainerItemProxy */;
		};
		D1A5937B215B2E6D00B074B0 /* PBXTargetDependency */ = {
			isa = PBXTargetDependency;
			target = D1A59359215B2E6800B074B0 /* Calculator1 */;
			targetProxy = D1A5937A215B2E6D00B074B0 /* PBXContainerItemProxy */;
		};
/* End PBXTargetDependency section */

/* Begin PBXVariantGroup section */
		D1A59361215B2E6800B074B0 /* Main.storyboard */ = {
			isa = PBXVariantGroup;
			children = (
				D1A59362215B2E6800B074B0 /* Base */,
			);
			name = Main.storyboard;
			sourceTree = "<group>";
		};
		D1A59366215B2E6D00B074B0 /* LaunchScreen.storyboard */ = {
			isa = PBXVariantGroup;
			children = (
				D1A59367215B2E6D00B074B0 /* Base */,
			);
			name = LaunchScreen.storyboard;
			sourceTree = "<group>";
		};
/* End PBXVariantGroup section */

/* Begin XCBuildConfiguration section */
		D1A59380215B2E6D00B074B0 /* Debug */ = {
			isa = XCBuildConfiguration;
			buildSettings = {
				ALWAYS_SEARCH_USER_PATHS = NO;
				CLANG_ANALYZER_NONNULL = YES;
				CLANG_ANALYZER_NUMBER_OBJECT_CONVERSION = YES_AGGRESSIVE;
				CLANG_CXX_LANGUAGE_STANDARD = "gnu++14";
				CLANG_CXX_LIBRARY = "libc++";
				CLANG_ENABLE_MODULES = YES;
				CLANG_ENABLE_OBJC_ARC = YES;
				CLANG_ENABLE_OBJC_WEAK = YES;
				CLANG_WARN_BLOCK_CAPTURE_AUTORELEASING = YES;
				CLANG_WARN_BOOL_CONVERSION = YES;
				CLANG_WARN_COMMA = YES;
				CLANG_WARN_CONSTANT_CONVERSION = YES;
				CLANG_WARN_DEPRECATED_OBJC_IMPLEMENTATIONS = YES;
				CLANG_WARN_DIRECT_OBJC_ISA_USAGE = YES_ERROR;
				CLANG_WARN_DOCUMENTATION_COMMENTS = YES;
				CLANG_WARN_EMPTY_BODY = YES;
				CLANG_WARN_ENUM_CONVERSION = YES;
				CLANG_WARN_INFINITE_RECURSION = YES;
				CLANG_WARN_INT_CONVERSION = YES;
				CLANG_WARN_NON_LITERAL_NULL_CONVERSION = YES;
				CLANG_WARN_OBJC_IMPLICIT_RETAIN_SELF = YES;
				CLANG_WARN_OBJC_LITERAL_CONVERSION = YES;
				CLANG_WARN_OBJC_ROOT_CLASS = YES_ERROR;
				CLANG_WARN_RANGE_LOOP_ANALYSIS = YES;
				CLANG_WARN_STRICT_PROTOTYPES = YES;
				CLANG_WARN_SUSPICIOUS_MOVE = YES;
				CLANG_WARN_UNGUARDED_AVAILABILITY = YES_AGGRESSIVE;
				CLANG_WARN_UNREACHABLE_CODE = YES;
				CLANG_WARN__DUPLICATE_METHOD_MATCH = YES;
				CODE_SIGN_IDENTITY = "iPhone Developer";
				COPY_PHASE_STRIP = NO;
				DEBUG_INFORMATION_FORMAT = dwarf;
				ENABLE_STRICT_OBJC_MSGSEND = YES;
				ENABLE_TESTABILITY = YES;
				GCC_C_LANGUAGE_STANDARD = gnu11;
				GCC_DYNAMIC_NO_PIC = NO;
				GCC_NO_COMMON_BLOCKS = YES;
				GCC_OPTIMIZATION_LEVEL = 0;
				GCC_PREPROCESSOR_DEFINITIONS = (
					"DEBUG=1",
					"$(inherited)",
				);
				GCC_WARN_64_TO_32_BIT_CONVERSION = YES;
				GCC_WARN_ABOUT_RETURN_TYPE = YES_ERROR;
				GCC_WARN_UNDECLARED_SELECTOR = YES;
				GCC_WARN_UNINITIALIZED_AUTOS = YES_AGGRESSIVE;
				GCC_WARN_UNUSED_FUNCTION = YES;
				GCC_WARN_UNUSED_VARIABLE = YES;
				IPHONEOS_DEPLOYMENT_TARGET = 12.0;
				MTL_ENABLE_DEBUG_INFO = INCLUDE_SOURCE;
				MTL_FAST_MATH = YES;
				ONLY_ACTIVE_ARCH = YES;
				SDKROOT = iphoneos;
				SWIFT_ACTIVE_COMPILATION_CONDITIONS = DEBUG;
				SWIFT_OPTIMIZATION_LEVEL = "-Onone";
			};
			name = Debug;
		};
		D1A59381215B2E6D00B074B0 /* Release */ = {
			isa = XCBuildConfiguration;
			buildSettings = {
				ALWAYS_SEARCH_USER_PATHS = NO;
				CLANG_ANALYZER_NONNULL = YES;
				CLANG_ANALYZER_NUMBER_OBJECT_CONVERSION = YES_AGGRESSIVE;
				CLANG_CXX_LANGUAGE_STANDARD = "gnu++14";
				CLANG_CXX_LIBRARY = "libc++";
				CLANG_ENABLE_MODULES = YES;
				CLANG_ENABLE_OBJC_ARC = YES;
				CLANG_ENABLE_OBJC_WEAK = YES;
				CLANG_WARN_BLOCK_CAPTURE_AUTORELEASING = YES;
				CLANG_WARN_BOOL_CONVERSION = YES;
				CLANG_WARN_COMMA = YES;
				CLANG_WARN_CONSTANT_CONVERSION = YES;
				CLANG_WARN_DEPRECATED_OBJC_IMPLEMENTATIONS = YES;
				CLANG_WARN_DIRECT_OBJC_ISA_USAGE = YES_ERROR;
				CLANG_WARN_DOCUMENTATION_COMMENTS = YES;
				CLANG_WARN_EMPTY_BODY = YES;
				CLANG_WARN_ENUM_CONVERSION = YES;
				CLANG_WARN_INFINITE_RECURSION = YES;
				CLANG_WARN_INT_CONVERSION = YES;
				CLANG_WARN_NON_LITERAL_NULL_CONVERSION = YES;
				CLANG_WARN_OBJC_IMPLICIT_RETAIN_SELF = YES;
				CLANG_WARN_OBJC_LITERAL_CONVERSION = YES;
				CLANG_WARN_OBJC_ROOT_CLASS = YES_ERROR;
				CLANG_WARN_RANGE_LOOP_ANALYSIS = YES;
				CLANG_WARN_STRICT_PROTOTYPES = YES;
				CLANG_WARN_SUSPICIOUS_MOVE = YES;
				CLANG_WARN_UNGUARDED_AVAILABILITY = YES_AGGRESSIVE;
				CLANG_WARN_UNREACHABLE_CODE = YES;
				CLANG_WARN__DUPLICATE_METHOD_MATCH = YES;
				CODE_SIGN_IDENTITY = "iPhone Developer";
				COPY_PHASE_STRIP = NO;
				DEBUG_INFORMATION_FORMAT = "dwarf-with-dsym";
				ENABLE_NS_ASSERTIONS = NO;
				ENABLE_STRICT_OBJC_MSGSEND = YES;
				GCC_C_LANGUAGE_STANDARD = gnu11;
				GCC_NO_COMMON_BLOCKS = YES;
				GCC_WARN_64_TO_32_BIT_CONVERSION = YES;
				GCC_WARN_ABOUT_RETURN_TYPE = YES_ERROR;
				GCC_WARN_UNDECLARED_SELECTOR = YES;
				GCC_WARN_UNINITIALIZED_AUTOS = YES_AGGRESSIVE;
				GCC_WARN_UNUSED_FUNCTION = YES;
				GCC_WARN_UNUSED_VARIABLE = YES;
				IPHONEOS_DEPLOYMENT_TARGET = 12.0;
				MTL_ENABLE_DEBUG_INFO = NO;
				MTL_FAST_MATH = YES;
				SDKROOT = iphoneos;
				SWIFT_COMPILATION_MODE = wholemodule;
				SWIFT_OPTIMIZATION_LEVEL = "-O";
				VALIDATE_PRODUCT = YES;
			};
			name = Release;
		};
		D1A59383215B2E6D00B074B0 /* Debug */ = {
			isa = XCBuildConfiguration;
			buildSettings = {
				ASSETCATALOG_COMPILER_APPICON_NAME = AppIcon;
				CODE_SIGN_STYLE = Automatic;
				INFOPLIST_FILE = Calculator1/Info.plist;
				LD_RUNPATH_SEARCH_PATHS = (
					"$(inherited)",
					"@executable_path/Frameworks",
				);
				PRODUCT_BUNDLE_IDENTIFIER = swift.Calculator1;
				PRODUCT_NAME = "$(TARGET_NAME)";
				SWIFT_VERSION = 4.2;
				TARGETED_DEVICE_FAMILY = "1,2";
			};
			name = Debug;
		};
		D1A59384215B2E6D00B074B0 /* Release */ = {
			isa = XCBuildConfiguration;
			buildSettings = {
				ASSETCATALOG_COMPILER_APPICON_NAME = AppIcon;
				CODE_SIGN_STYLE = Automatic;
				INFOPLIST_FILE = Calculator1/Info.plist;
				LD_RUNPATH_SEARCH_PATHS = (
					"$(inherited)",
					"@executable_path/Frameworks",
				);
				PRODUCT_BUNDLE_IDENTIFIER = swift.Calculator1;
				PRODUCT_NAME = "$(TARGET_NAME)";
				SWIFT_VERSION = 4.2;
				TARGETED_DEVICE_FAMILY = "1,2";
			};
			name = Release;
		};
		D1A59386215B2E6D00B074B0 /* Debug */ = {
			isa = XCBuildConfiguration;
			buildSettings = {
				ALWAYS_EMBED_SWIFT_STANDARD_LIBRARIES = YES;
				BUNDLE_LOADER = "$(TEST_HOST)";
				CODE_SIGN_STYLE = Automatic;
				INFOPLIST_FILE = Calculator1Tests/Info.plist;
				LD_RUNPATH_SEARCH_PATHS = (
					"$(inherited)",
					"@executable_path/Frameworks",
					"@loader_path/Frameworks",
				);
				PRODUCT_BUNDLE_IDENTIFIER = swift.Calculator1Tests;
				PRODUCT_NAME = "$(TARGET_NAME)";
				SWIFT_VERSION = 4.2;
				TARGETED_DEVICE_FAMILY = "1,2";
				TEST_HOST = "$(BUILT_PRODUCTS_DIR)/Calculator1.app/Calculator1";
			};
			name = Debug;
		};
		D1A59387215B2E6D00B074B0 /* Release */ = {
			isa = XCBuildConfiguration;
			buildSettings = {
				ALWAYS_EMBED_SWIFT_STANDARD_LIBRARIES = YES;
				BUNDLE_LOADER = "$(TEST_HOST)";
				CODE_SIGN_STYLE = Automatic;
				INFOPLIST_FILE = Calculator1Tests/Info.plist;
				LD_RUNPATH_SEARCH_PATHS = (
					"$(inherited)",
					"@executable_path/Frameworks",
					"@loader_path/Frameworks",
				);
				PRODUCT_BUNDLE_IDENTIFIER = swift.Calculator1Tests;
				PRODUCT_NAME = "$(TARGET_NAME)";
				SWIFT_VERSION = 4.2;
				TARGETED_DEVICE_FAMILY = "1,2";
				TEST_HOST = "$(BUILT_PRODUCTS_DIR)/Calculator1.app/Calculator1";
			};
			name = Release;
		};
		D1A59389215B2E6D00B074B0 /* Debug */ = {
			isa = XCBuildConfiguration;
			buildSettings = {
				ALWAYS_EMBED_SWIFT_STANDARD_LIBRARIES = YES;
				CODE_SIGN_STYLE = Automatic;
				INFOPLIST_FILE = Calculator1UITests/Info.plist;
				LD_RUNPATH_SEARCH_PATHS = (
					"$(inherited)",
					"@executable_path/Frameworks",
					"@loader_path/Frameworks",
				);
				PRODUCT_BUNDLE_IDENTIFIER = swift.Calculator1UITests;
				PRODUCT_NAME = "$(TARGET_NAME)";
				SWIFT_VERSION = 4.2;
				TARGETED_DEVICE_FAMILY = "1,2";
				TEST_TARGET_NAME = Calculator1;
			};
			name = Debug;
		};
		D1A5938A215B2E6D00B074B0 /* Release */ = {
			isa = XCBuildConfiguration;
			buildSettings = {
				ALWAYS_EMBED_SWIFT_STANDARD_LIBRARIES = YES;
				CODE_SIGN_STYLE = Automatic;
				INFOPLIST_FILE = Calculator1UITests/Info.plist;
				LD_RUNPATH_SEARCH_PATHS = (
					"$(inherited)",
					"@executable_path/Frameworks",
					"@loader_path/Frameworks",
				);
				PRODUCT_BUNDLE_IDENTIFIER = swift.Calculator1UITests;
				PRODUCT_NAME = "$(TARGET_NAME)";
				SWIFT_VERSION = 4.2;
				TARGETED_DEVICE_FAMILY = "1,2";
				TEST_TARGET_NAME = Calculator1;
			};
			name = Release;
		};
/* End XCBuildConfiguration section */

/* Begin XCConfigurationList section */
		D1A59355215B2E6800B074B0 /* Build configuration list for PBXProject "Calculator1" */ = {
			isa = XCConfigurationList;
			buildConfigurations = (
				D1A59380215B2E6D00B074B0 /* Debug */,
				D1A59381215B2E6D00B074B0 /* Release */,
			);
			defaultConfigurationIsVisible = 0;
			defaultConfigurationName = Release;
		};
		D1A59382215B2E6D00B074B0 /* Build configuration list for PBXNativeTarget "Calculator1" */ = {
			isa = XCConfigurationList;
			buildConfigurations = (
				D1A59383215B2E6D00B074B0 /* Debug */,
				D1A59384215B2E6D00B074B0 /* Release */,
			);
			defaultConfigurationIsVisible = 0;
			defaultConfigurationName = Release;
		};
		D1A59385215B2E6D00B074B0 /* Build configuration list for PBXNativeTarget "Calculator1Tests" */ = {
			isa = XCConfigurationList;
			buildConfigurations = (
				D1A59386215B2E6D00B074B0 /* Debug */,
				D1A59387215B2E6D00B074B0 /* Release */,
			);
			defaultConfigurationIsVisible = 0;
			defaultConfigurationName = Release;
		};
		D1A59388215B2E6D00B074B0 /* Build configuration list for PBXNativeTarget "Calculator1UITests" */ = {
			isa = XCConfigurationList;
			buildConfigurations = (
				D1A59389215B2E6D00B074B0 /* Debug */,
				D1A5938A215B2E6D00B074B0 /* Release */,
			);
			defaultConfigurationIsVisible = 0;
			defaultConfigurationName = Release;
		};
/* End XCConfigurationList section */
	};
	rootObject = D1A59352215B2E6800B074B0 /* Project object */;
}
